
Microsoft Visual Studio Solution File, Format Version 12.00
# Visual Studio Version 17
VisualStudioVersion = 17.0.31903.59
MinimumVisualStudioVersion = 10.0.40219.1
Project("{FAE04EC0-301F-11D3-BF4B-00C04F79EFBC}") = "QuantityMeasurementApp", "QuantityMeasurementApp\QuantityMeasurementApp.csproj", "{77DFFFDD-8D49-48CC-9D1B-434CBCB79510}"
EndProject
Project("{FAE04EC0-301F-11D3-BF4B-00C04F79EFBC}") = "QuantityMeasurementApp.Tests", "QuantityMeasurementApp.Tests\QuantityMeasurementApp.Tests.csproj", "{5E03E259-7C31-4068-B517-214D0DE5FC1F}"
EndProject
Global
	GlobalSection(SolutionConfigurationPlatforms) = preSolution
		Debug|Any CPU = Debug|Any CPU
		Debug|x64 = Debug|x64
		Debug|x86 = Debug|x86
		Release|Any CPU = Release|Any CPU
		Release|x64 = Release|x64
		Release|x86 = Release|x86
	EndGlobalSection
	GlobalSection(ProjectConfigurationPlatforms) = postSolution
		{77DFFFDD-8D49-48CC-9D1B-434CBCB79510}.Debug|Any CPU.ActiveCfg = Debug|Any CPU
		{77DFFFDD-8D49-48CC-9D1B-434CBCB79510}.Debug|Any CPU.Build.0 = Debug|Any CPU
		{77DFFFDD-8D49-48CC-9D1B-434CBCB79510}.Debug|x64.ActiveCfg = Debug|Any CPU
		{77DFFFDD-8D49-48CC-9D1B-434CBCB79510}.Debug|x64.Build.0 = Debug|Any CPU
		{77DFFFDD-8D49-48CC-9D1B-434CBCB79510}.Debug|x86.ActiveCfg = Debug|Any CPU
		{77DFFFDD-8D49-48CC-9D1B-434CBCB79510}.Debug|x86.Build.0 = Debug|Any CPU
		{77DFFFDD-8D49-48CC-9D1B-434CBCB79510}.Release|Any CPU.ActiveCfg = Release|Any CPU
		{77DFFFDD-8D49-48CC-9D1B-434CBCB79510}.Release|Any CPU.Build.0 = Release|Any CPU
		{77DFFFDD-8D49-48CC-9D1B-434CBCB79510}.Release|x64.ActiveCfg = Release|Any CPU
		{77DFFFDD-8D49-48CC-9D1B-434CBCB79510}.Release|x64.Build.0 = Release|Any CPU
		{77DFFFDD-8D49-48CC-9D1B-434CBCB79510}.Release|x86.ActiveCfg = Release|Any CPU
		{77DFFFDD-8D49-48CC-9D1B-434CBCB79510}.Release|x86.Build.0 = Release|Any CPU
		{5E03E259-7C31-4068-B517-214D0DE5FC1F}.Debug|Any CPU.ActiveCfg = Debug|Any CPU
		{5E03E259-7C31-4068-B517-214D0DE5FC1F}.Debug|Any CPU.Build.0 = Debug|Any CPU
		{5E03E259-7C31-4068-B517-214D0DE5FC1F}.Debug|x64.ActiveCfg = Debug|Any CPU
		{5E03E259-7C31-4068-B517-214D0DE5FC1F}.Debug|x64.Build.0 = Debug|Any CPU
		{5E03E259-7C31-4068-B517-214D0DE5FC1F}.Debug|x86.ActiveCfg = Debug|Any CPU
		{5E03E259-7C31-4068-B517-214D0DE5FC1F}.Debug|x86.Build.0 = Debug|Any CPU
		{5E03E259-7C31-4068-B517-214D0DE5FC1F}.Release|Any CPU.ActiveCfg = Release|Any CPU
		{5E03E259-7C31-4068-B517-214D0DE5FC1F}.Release|Any CPU.Build.0 = Release|Any CPU
		{5E03E259-7C31-4068-B517-214D0DE5FC1F}.Release|x64.ActiveCfg = Release|Any CPU
		{5E03E259-7C31-4068-B517-214D0DE5FC1F}.Release|x64.Build.0 = Release|Any CPU
		{5E03E259-7C31-4068-B517-214D0DE5FC1F}.Release|x86.ActiveCfg = Release|Any CPU
		{5E03E259-7C31-4068-B517-214D0DE5FC1F}.Release|x86.Build.0 = Release|Any CPU
	EndGlobalSection
	GlobalSection(SolutionProperties) = preSolution
		HideSolutionNode = FALSE
	EndGlobalSection
EndGlobal
